
Microsoft Visual Studio Solution File, Format Version 12.00
# Visual Studio 15
VisualStudioVersion = 15.0.28010.2041
MinimumVisualStudioVersion = 10.0.40219.1
Project("{FAE04EC0-301F-11D3-BF4B-00C04F79EFBC}") = "DynamicEquipmentSystem", "DynamicEquipmentSystem\DynamicEquipmentSystem.csproj", "{551EF3D0-EBEA-4592-8BCA-54F827F972F2}"
EndProject
Global
	GlobalSection(SolutionConfigurationPlatforms) = preSolution
		Debug|Any CPU = Debug|Any CPU
		Release|Any CPU = Release|Any CPU
	EndGlobalSection
	GlobalSection(ProjectConfigurationPlatforms) = postSolution
		{551EF3D0-EBEA-4592-8BCA-54F827F972F2}.Debug|Any CPU.ActiveCfg = Debug|Any CPU
		{551EF3D0-EBEA-4592-8BCA-54F827F972F2}.Debug|Any CPU.Build.0 = Debug|Any CPU
		{551EF3D0-EBEA-4592-8BCA-54F827F972F2}.Release|Any CPU.ActiveCfg = Release|Any CPU
		{551EF3D0-EBEA-4592-8BCA-54F827F972F2}.Release|Any CPU.Build.0 = Release|Any CPU
	EndGlobalSection
	GlobalSection(SolutionProperties) = preSolution
		HideSolutionNode = FALSE
	EndGlobalSection
	GlobalSection(ExtensibilityGlobals) = postSolution
		SolutionGuid = {5D0F7D20-5BA9-44E7-8474-A191DE372C6D}
	EndGlobalSection
EndGlobal
