
Microsoft Visual Studio Solution File, Format Version 12.00
# Visual Studio 15
VisualStudioVersion = 15.0.28010.2041
MinimumVisualStudioVersion = 10.0.40219.1
Project("{FAE04EC0-301F-11D3-BF4B-00C04F79EFBC}") = "DynemicEquipmentSystem", "DynemicEquipmentSystem\DynemicEquipmentSystem.csproj", "{0B351A7E-958A-4BED-9945-9F74531A4BF6}"
EndProject
Global
	GlobalSection(SolutionConfigurationPlatforms) = preSolution
		Debug|Any CPU = Debug|Any CPU
		Release|Any CPU = Release|Any CPU
	EndGlobalSection
	GlobalSection(ProjectConfigurationPlatforms) = postSolution
		{0B351A7E-958A-4BED-9945-9F74531A4BF6}.Debug|Any CPU.ActiveCfg = Debug|Any CPU
		{0B351A7E-958A-4BED-9945-9F74531A4BF6}.Debug|Any CPU.Build.0 = Debug|Any CPU
		{0B351A7E-958A-4BED-9945-9F74531A4BF6}.Release|Any CPU.ActiveCfg = Release|Any CPU
		{0B351A7E-958A-4BED-9945-9F74531A4BF6}.Release|Any CPU.Build.0 = Release|Any CPU
	EndGlobalSection
	GlobalSection(SolutionProperties) = preSolution
		HideSolutionNode = FALSE
	EndGlobalSection
	GlobalSection(ExtensibilityGlobals) = postSolution
		SolutionGuid = {8B54D679-844D-41BC-BA2E-AD349C6F1D74}
	EndGlobalSection
EndGlobal
